
Microsoft Visual Studio Solution File, Format Version 11.00
# Visual Studio 2010
Project("{FAE04EC0-301F-11D3-BF4B-00C04F79EFBC}") = "LibraryManagementSystem", "LibraryManagementSystem\LibraryManagementSystem.csproj", "{2DC3C8AD-0F89-4C7C-A6FA-2CE2B20F3DA2}"
EndProject
Global
	GlobalSection(SolutionConfigurationPlatforms) = preSolution
		Debug|x86 = Debug|x86
		Release|x86 = Release|x86
	EndGlobalSection
	GlobalSection(ProjectConfigurationPlatforms) = postSolution
		{2DC3C8AD-0F89-4C7C-A6FA-2CE2B20F3DA2}.Debug|x86.ActiveCfg = Debug|x86
		{2DC3C8AD-0F89-4C7C-A6FA-2CE2B20F3DA2}.Debug|x86.Build.0 = Debug|x86
		{2DC3C8AD-0F89-4C7C-A6FA-2CE2B20F3DA2}.Release|x86.ActiveCfg = Release|x86
		{2DC3C8AD-0F89-4C7C-A6FA-2CE2B20F3DA2}.Release|x86.Build.0 = Release|x86
	EndGlobalSection
	GlobalSection(SolutionProperties) = preSolution
		HideSolutionNode = FALSE
	EndGlobalSection
EndGlobal
